
Microsoft Visual Studio Solution File, Format Version 12.00
# Visual Studio Version 17
VisualStudioVersion = 17.10.35027.167
MinimumVisualStudioVersion = 10.0.40219.1
Project("{FAE04EC0-301F-11D3-BF4B-00C04F79EFBC}") = "MicMuter", "MicMuter\MicMuter.csproj", "{66E79E9B-AFDB-4AFE-8A49-707135633FD5}"
EndProject
Project("{2150E333-8FDC-42A3-9474-1A3956D46DE8}") = "other files", "other files", "{9D06AE47-1073-40D0-BE4D-29E39F4F8876}"
	ProjectSection(SolutionItems) = preProject
		.gitignore = .gitignore
		README.md = README.md
	EndProjectSection
EndProject
Project("{8BC9CEB8-8B4A-11D0-8D11-00A0C91BC942}") = "CoreAudioWrapper", "CoreAudioWrapper\CoreAudioWrapper.vcxproj", "{A5A99719-1621-4A94-9E7C-B7BE26AAC809}"
EndProject
Project("{FAE04EC0-301F-11D3-BF4B-00C04F79EFBC}") = "WrapperTest", "WrapperTest\WrapperTest.csproj", "{2317E737-02B2-43FA-8AD6-763A08EBED7E}"
EndProject
Global
	GlobalSection(SolutionConfigurationPlatforms) = preSolution
		Debug|Any CPU = Debug|Any CPU
		Debug|x64 = Debug|x64
		Debug|x86 = Debug|x86
		Release|Any CPU = Release|Any CPU
		Release|x64 = Release|x64
		Release|x86 = Release|x86
	EndGlobalSection
	GlobalSection(ProjectConfigurationPlatforms) = postSolution
		{66E79E9B-AFDB-4AFE-8A49-707135633FD5}.Debug|Any CPU.ActiveCfg = Debug|Any CPU
		{66E79E9B-AFDB-4AFE-8A49-707135633FD5}.Debug|Any CPU.Build.0 = Debug|Any CPU
		{66E79E9B-AFDB-4AFE-8A49-707135633FD5}.Debug|x64.ActiveCfg = Debug|Any CPU
		{66E79E9B-AFDB-4AFE-8A49-707135633FD5}.Debug|x64.Build.0 = Debug|Any CPU
		{66E79E9B-AFDB-4AFE-8A49-707135633FD5}.Debug|x86.ActiveCfg = Debug|Any CPU
		{66E79E9B-AFDB-4AFE-8A49-707135633FD5}.Debug|x86.Build.0 = Debug|Any CPU
		{66E79E9B-AFDB-4AFE-8A49-707135633FD5}.Release|Any CPU.ActiveCfg = Release|Any CPU
		{66E79E9B-AFDB-4AFE-8A49-707135633FD5}.Release|Any CPU.Build.0 = Release|Any CPU
		{66E79E9B-AFDB-4AFE-8A49-707135633FD5}.Release|x64.ActiveCfg = Release|Any CPU
		{66E79E9B-AFDB-4AFE-8A49-707135633FD5}.Release|x64.Build.0 = Release|Any CPU
		{66E79E9B-AFDB-4AFE-8A49-707135633FD5}.Release|x86.ActiveCfg = Release|Any CPU
		{66E79E9B-AFDB-4AFE-8A49-707135633FD5}.Release|x86.Build.0 = Release|Any CPU
		{A5A99719-1621-4A94-9E7C-B7BE26AAC809}.Debug|Any CPU.ActiveCfg = Debug|x64
		{A5A99719-1621-4A94-9E7C-B7BE26AAC809}.Debug|Any CPU.Build.0 = Debug|x64
		{A5A99719-1621-4A94-9E7C-B7BE26AAC809}.Debug|x64.ActiveCfg = Debug|x64
		{A5A99719-1621-4A94-9E7C-B7BE26AAC809}.Debug|x64.Build.0 = Debug|x64
		{A5A99719-1621-4A94-9E7C-B7BE26AAC809}.Debug|x86.ActiveCfg = Debug|Win32
		{A5A99719-1621-4A94-9E7C-B7BE26AAC809}.Debug|x86.Build.0 = Debug|Win32
		{A5A99719-1621-4A94-9E7C-B7BE26AAC809}.Release|Any CPU.ActiveCfg = Release|x64
		{A5A99719-1621-4A94-9E7C-B7BE26AAC809}.Release|Any CPU.Build.0 = Release|x64
		{A5A99719-1621-4A94-9E7C-B7BE26AAC809}.Release|x64.ActiveCfg = Release|x64
		{A5A99719-1621-4A94-9E7C-B7BE26AAC809}.Release|x64.Build.0 = Release|x64
		{A5A99719-1621-4A94-9E7C-B7BE26AAC809}.Release|x86.ActiveCfg = Release|Win32
		{A5A99719-1621-4A94-9E7C-B7BE26AAC809}.Release|x86.Build.0 = Release|Win32
		{2317E737-02B2-43FA-8AD6-763A08EBED7E}.Debug|Any CPU.ActiveCfg = Debug|Any CPU
		{2317E737-02B2-43FA-8AD6-763A08EBED7E}.Debug|Any CPU.Build.0 = Debug|Any CPU
		{2317E737-02B2-43FA-8AD6-763A08EBED7E}.Debug|x64.ActiveCfg = Debug|Any CPU
		{2317E737-02B2-43FA-8AD6-763A08EBED7E}.Debug|x64.Build.0 = Debug|Any CPU
		{2317E737-02B2-43FA-8AD6-763A08EBED7E}.Debug|x86.ActiveCfg = Debug|Any CPU
		{2317E737-02B2-43FA-8AD6-763A08EBED7E}.Debug|x86.Build.0 = Debug|Any CPU
		{2317E737-02B2-43FA-8AD6-763A08EBED7E}.Release|Any CPU.ActiveCfg = Release|Any CPU
		{2317E737-02B2-43FA-8AD6-763A08EBED7E}.Release|Any CPU.Build.0 = Release|Any CPU
		{2317E737-02B2-43FA-8AD6-763A08EBED7E}.Release|x64.ActiveCfg = Release|Any CPU
		{2317E737-02B2-43FA-8AD6-763A08EBED7E}.Release|x64.Build.0 = Release|Any CPU
		{2317E737-02B2-43FA-8AD6-763A08EBED7E}.Release|x86.ActiveCfg = Release|Any CPU
		{2317E737-02B2-43FA-8AD6-763A08EBED7E}.Release|x86.Build.0 = Release|Any CPU
	EndGlobalSection
	GlobalSection(SolutionProperties) = preSolution
		HideSolutionNode = FALSE
	EndGlobalSection
	GlobalSection(ExtensibilityGlobals) = postSolution
		SolutionGuid = {B94FA093-A313-4CD6-9254-6F7B1ED62E01}
	EndGlobalSection
EndGlobal
